
Microsoft Visual Studio Solution File, Format Version 12.00
# Visual Studio 15
VisualStudioVersion = 15.0.26228.9
MinimumVisualStudioVersion = 10.0.40219.1
Project("{9A19103F-16F7-4668-BE54-9A1E7A4F7556}") = "OpenCV.Net", "OpenCV.Net\OpenCV.Net.csproj", "{235A6E90-9CB5-469E-808F-6D4C422258A9}"
EndProject
Project("{FAE04EC0-301F-11D3-BF4B-00C04F79EFBC}") = "OpenCV.Net.UnitTests", "OpenCV.Net.UnitTests\OpenCV.Net.UnitTests.csproj", "{8140F431-01D0-4E41-93AB-BC042D0EA120}"
EndProject
Project("{8BC9CEB8-8B4A-11D0-8D11-00A0C91BC942}") = "opencv_extern", "opencv_extern\opencv_extern.vcxproj", "{DAA484B7-6ED2-4FA5-B8A0-7A95005B749F}"
EndProject
Global
	GlobalSection(SolutionConfigurationPlatforms) = preSolution
		Debug|Any CPU = Debug|Any CPU
		Debug|x64 = Debug|x64
		Debug|x86 = Debug|x86
		Release|Any CPU = Release|Any CPU
		Release|x64 = Release|x64
		Release|x86 = Release|x86
	EndGlobalSection
	GlobalSection(ProjectConfigurationPlatforms) = postSolution
		{235A6E90-9CB5-469E-808F-6D4C422258A9}.Debug|Any CPU.ActiveCfg = Debug|Any CPU
		{235A6E90-9CB5-469E-808F-6D4C422258A9}.Debug|Any CPU.Build.0 = Debug|Any CPU
		{235A6E90-9CB5-469E-808F-6D4C422258A9}.Debug|x64.ActiveCfg = Debug|Any CPU
		{235A6E90-9CB5-469E-808F-6D4C422258A9}.Debug|x64.Build.0 = Debug|Any CPU
		{235A6E90-9CB5-469E-808F-6D4C422258A9}.Debug|x86.ActiveCfg = Debug|Any CPU
		{235A6E90-9CB5-469E-808F-6D4C422258A9}.Debug|x86.Build.0 = Debug|Any CPU
		{235A6E90-9CB5-469E-808F-6D4C422258A9}.Release|Any CPU.ActiveCfg = Release|Any CPU
		{235A6E90-9CB5-469E-808F-6D4C422258A9}.Release|Any CPU.Build.0 = Release|Any CPU
		{235A6E90-9CB5-469E-808F-6D4C422258A9}.Release|x64.ActiveCfg = Release|Any CPU
		{235A6E90-9CB5-469E-808F-6D4C422258A9}.Release|x64.Build.0 = Release|Any CPU
		{235A6E90-9CB5-469E-808F-6D4C422258A9}.Release|x86.ActiveCfg = Release|Any CPU
		{235A6E90-9CB5-469E-808F-6D4C422258A9}.Release|x86.Build.0 = Release|Any CPU
		{8140F431-01D0-4E41-93AB-BC042D0EA120}.Debug|Any CPU.ActiveCfg = Debug|Any CPU
		{8140F431-01D0-4E41-93AB-BC042D0EA120}.Debug|Any CPU.Build.0 = Debug|Any CPU
		{8140F431-01D0-4E41-93AB-BC042D0EA120}.Debug|x64.ActiveCfg = Debug|Any CPU
		{8140F431-01D0-4E41-93AB-BC042D0EA120}.Debug|x64.Build.0 = Debug|Any CPU
		{8140F431-01D0-4E41-93AB-BC042D0EA120}.Debug|x86.ActiveCfg = Debug|Any CPU
		{8140F431-01D0-4E41-93AB-BC042D0EA120}.Debug|x86.Build.0 = Debug|Any CPU
		{8140F431-01D0-4E41-93AB-BC042D0EA120}.Release|Any CPU.ActiveCfg = Release|Any CPU
		{8140F431-01D0-4E41-93AB-BC042D0EA120}.Release|Any CPU.Build.0 = Release|Any CPU
		{8140F431-01D0-4E41-93AB-BC042D0EA120}.Release|x64.ActiveCfg = Release|Any CPU
		{8140F431-01D0-4E41-93AB-BC042D0EA120}.Release|x64.Build.0 = Release|Any CPU
		{8140F431-01D0-4E41-93AB-BC042D0EA120}.Release|x86.ActiveCfg = Release|Any CPU
		{8140F431-01D0-4E41-93AB-BC042D0EA120}.Release|x86.Build.0 = Release|Any CPU
		{DAA484B7-6ED2-4FA5-B8A0-7A95005B749F}.Debug|Any CPU.ActiveCfg = Debug|Win32
		{DAA484B7-6ED2-4FA5-B8A0-7A95005B749F}.Debug|x64.ActiveCfg = Debug|x64
		{DAA484B7-6ED2-4FA5-B8A0-7A95005B749F}.Debug|x64.Build.0 = Debug|x64
		{DAA484B7-6ED2-4FA5-B8A0-7A95005B749F}.Debug|x86.ActiveCfg = Debug|Win32
		{DAA484B7-6ED2-4FA5-B8A0-7A95005B749F}.Debug|x86.Build.0 = Debug|Win32
		{DAA484B7-6ED2-4FA5-B8A0-7A95005B749F}.Release|Any CPU.ActiveCfg = Release|Win32
		{DAA484B7-6ED2-4FA5-B8A0-7A95005B749F}.Release|x64.ActiveCfg = Release|x64
		{DAA484B7-6ED2-4FA5-B8A0-7A95005B749F}.Release|x64.Build.0 = Release|x64
		{DAA484B7-6ED2-4FA5-B8A0-7A95005B749F}.Release|x86.ActiveCfg = Release|Win32
		{DAA484B7-6ED2-4FA5-B8A0-7A95005B749F}.Release|x86.Build.0 = Release|Win32
	EndGlobalSection
	GlobalSection(SolutionProperties) = preSolution
		HideSolutionNode = FALSE
	EndGlobalSection
EndGlobal
