
Microsoft Visual Studio Solution File, Format Version 11.00
# Visual C# Express 2010
Project("{FAE04EC0-301F-11D3-BF4B-00C04F79EFBC}") = "OpenCV.Net", "OpenCV.Net\OpenCV.Net.csproj", "{D07280E0-B436-4E29-956C-AC881E7C9A82}"
EndProject
Project("{FAE04EC0-301F-11D3-BF4B-00C04F79EFBC}") = "SampleContours", "SampleContours\SampleContours.csproj", "{025CB7EE-69A2-4137-8419-B194D4D89F85}"
EndProject
Project("{FAE04EC0-301F-11D3-BF4B-00C04F79EFBC}") = "SampleMorphology", "SampleMorphology\SampleMorphology.csproj", "{1DB65C76-608E-4CCC-9EBE-E7625F7F663F}"
EndProject
Project("{FAE04EC0-301F-11D3-BF4B-00C04F79EFBC}") = "SampleLabeling", "SampleLabeling\SampleLabeling.csproj", "{53DE7756-AA56-4FF9-BDD6-8A87BE193FCC}"
EndProject
Project("{FAE04EC0-301F-11D3-BF4B-00C04F79EFBC}") = "SampleKalman", "SampleKalman\SampleKalman.csproj", "{DB73935B-1515-4EF1-935D-13E2C8E5FE93}"
EndProject
Global
	GlobalSection(SolutionConfigurationPlatforms) = preSolution
		Debug|Any CPU = Debug|Any CPU
		Debug|x64 = Debug|x64
		Debug|x86 = Debug|x86
		Release|Any CPU = Release|Any CPU
		Release|x64 = Release|x64
		Release|x86 = Release|x86
	EndGlobalSection
	GlobalSection(ProjectConfigurationPlatforms) = postSolution
		{D07280E0-B436-4E29-956C-AC881E7C9A82}.Debug|Any CPU.ActiveCfg = Debug|Any CPU
		{D07280E0-B436-4E29-956C-AC881E7C9A82}.Debug|Any CPU.Build.0 = Debug|Any CPU
		{D07280E0-B436-4E29-956C-AC881E7C9A82}.Debug|x64.ActiveCfg = Debug|Any CPU
		{D07280E0-B436-4E29-956C-AC881E7C9A82}.Debug|x64.Build.0 = Debug|Any CPU
		{D07280E0-B436-4E29-956C-AC881E7C9A82}.Debug|x86.ActiveCfg = Debug|Any CPU
		{D07280E0-B436-4E29-956C-AC881E7C9A82}.Debug|x86.Build.0 = Debug|Any CPU
		{D07280E0-B436-4E29-956C-AC881E7C9A82}.Release|Any CPU.ActiveCfg = Release|Any CPU
		{D07280E0-B436-4E29-956C-AC881E7C9A82}.Release|Any CPU.Build.0 = Release|Any CPU
		{D07280E0-B436-4E29-956C-AC881E7C9A82}.Release|x64.ActiveCfg = Release|Any CPU
		{D07280E0-B436-4E29-956C-AC881E7C9A82}.Release|x64.Build.0 = Release|Any CPU
		{D07280E0-B436-4E29-956C-AC881E7C9A82}.Release|x86.ActiveCfg = Release|Any CPU
		{D07280E0-B436-4E29-956C-AC881E7C9A82}.Release|x86.Build.0 = Release|Any CPU
		{025CB7EE-69A2-4137-8419-B194D4D89F85}.Debug|Any CPU.ActiveCfg = Debug|x86
		{025CB7EE-69A2-4137-8419-B194D4D89F85}.Debug|x64.ActiveCfg = Debug|x64
		{025CB7EE-69A2-4137-8419-B194D4D89F85}.Debug|x64.Build.0 = Debug|x64
		{025CB7EE-69A2-4137-8419-B194D4D89F85}.Debug|x86.ActiveCfg = Debug|x86
		{025CB7EE-69A2-4137-8419-B194D4D89F85}.Debug|x86.Build.0 = Debug|x86
		{025CB7EE-69A2-4137-8419-B194D4D89F85}.Release|Any CPU.ActiveCfg = Release|x86
		{025CB7EE-69A2-4137-8419-B194D4D89F85}.Release|x64.ActiveCfg = Release|x64
		{025CB7EE-69A2-4137-8419-B194D4D89F85}.Release|x64.Build.0 = Release|x64
		{025CB7EE-69A2-4137-8419-B194D4D89F85}.Release|x86.ActiveCfg = Release|x86
		{025CB7EE-69A2-4137-8419-B194D4D89F85}.Release|x86.Build.0 = Release|x86
		{1DB65C76-608E-4CCC-9EBE-E7625F7F663F}.Debug|Any CPU.ActiveCfg = Debug|x86
		{1DB65C76-608E-4CCC-9EBE-E7625F7F663F}.Debug|x64.ActiveCfg = Debug|x64
		{1DB65C76-608E-4CCC-9EBE-E7625F7F663F}.Debug|x64.Build.0 = Debug|x64
		{1DB65C76-608E-4CCC-9EBE-E7625F7F663F}.Debug|x86.ActiveCfg = Debug|x86
		{1DB65C76-608E-4CCC-9EBE-E7625F7F663F}.Debug|x86.Build.0 = Debug|x86
		{1DB65C76-608E-4CCC-9EBE-E7625F7F663F}.Release|Any CPU.ActiveCfg = Release|x86
		{1DB65C76-608E-4CCC-9EBE-E7625F7F663F}.Release|x64.ActiveCfg = Release|x64
		{1DB65C76-608E-4CCC-9EBE-E7625F7F663F}.Release|x64.Build.0 = Release|x64
		{1DB65C76-608E-4CCC-9EBE-E7625F7F663F}.Release|x86.ActiveCfg = Release|x86
		{1DB65C76-608E-4CCC-9EBE-E7625F7F663F}.Release|x86.Build.0 = Release|x86
		{53DE7756-AA56-4FF9-BDD6-8A87BE193FCC}.Debug|Any CPU.ActiveCfg = Debug|x86
		{53DE7756-AA56-4FF9-BDD6-8A87BE193FCC}.Debug|x64.ActiveCfg = Debug|x64
		{53DE7756-AA56-4FF9-BDD6-8A87BE193FCC}.Debug|x64.Build.0 = Debug|x64
		{53DE7756-AA56-4FF9-BDD6-8A87BE193FCC}.Debug|x86.ActiveCfg = Debug|x86
		{53DE7756-AA56-4FF9-BDD6-8A87BE193FCC}.Debug|x86.Build.0 = Debug|x86
		{53DE7756-AA56-4FF9-BDD6-8A87BE193FCC}.Release|Any CPU.ActiveCfg = Release|x86
		{53DE7756-AA56-4FF9-BDD6-8A87BE193FCC}.Release|x64.ActiveCfg = Release|x64
		{53DE7756-AA56-4FF9-BDD6-8A87BE193FCC}.Release|x64.Build.0 = Release|x64
		{53DE7756-AA56-4FF9-BDD6-8A87BE193FCC}.Release|x86.ActiveCfg = Release|x86
		{53DE7756-AA56-4FF9-BDD6-8A87BE193FCC}.Release|x86.Build.0 = Release|x86
		{DB73935B-1515-4EF1-935D-13E2C8E5FE93}.Debug|Any CPU.ActiveCfg = Debug|x86
		{DB73935B-1515-4EF1-935D-13E2C8E5FE93}.Debug|x64.ActiveCfg = Debug|x64
		{DB73935B-1515-4EF1-935D-13E2C8E5FE93}.Debug|x64.Build.0 = Debug|x64
		{DB73935B-1515-4EF1-935D-13E2C8E5FE93}.Debug|x86.ActiveCfg = Debug|x86
		{DB73935B-1515-4EF1-935D-13E2C8E5FE93}.Debug|x86.Build.0 = Debug|x86
		{DB73935B-1515-4EF1-935D-13E2C8E5FE93}.Release|Any CPU.ActiveCfg = Release|x86
		{DB73935B-1515-4EF1-935D-13E2C8E5FE93}.Release|x64.ActiveCfg = Release|x64
		{DB73935B-1515-4EF1-935D-13E2C8E5FE93}.Release|x64.Build.0 = Release|x64
		{DB73935B-1515-4EF1-935D-13E2C8E5FE93}.Release|x86.ActiveCfg = Release|x86
		{DB73935B-1515-4EF1-935D-13E2C8E5FE93}.Release|x86.Build.0 = Release|x86
	EndGlobalSection
	GlobalSection(SolutionProperties) = preSolution
		HideSolutionNode = FALSE
	EndGlobalSection
EndGlobal
