
Microsoft Visual Studio Solution File, Format Version 12.00
# Visual Studio Express 2012 for Windows Desktop
Project("{FAE04EC0-301F-11D3-BF4B-00C04F79EFBC}") = "OpenCV.Net", "OpenCV.Net\OpenCV.Net.csproj", "{DAF4D704-2C86-4657-9210-DB5B847BA8BE}"
EndProject
Project("{FAE04EC0-301F-11D3-BF4B-00C04F79EFBC}") = "OpenCV.Net.UnitTests", "OpenCV.Net.UnitTests\OpenCV.Net.UnitTests.csproj", "{8140F431-01D0-4E41-93AB-BC042D0EA120}"
EndProject
Project("{2150E333-8FDC-42A3-9474-1A3956D46DE8}") = ".nuget", ".nuget", "{73C44BEA-21AD-401A-820F-88BD6EA58B29}"
	ProjectSection(SolutionItems) = preProject
		.nuget\NuGet.Config = .nuget\NuGet.Config
		.nuget\NuGet.exe = .nuget\NuGet.exe
		.nuget\NuGet.targets = .nuget\NuGet.targets
	EndProjectSection
EndProject
Global
	GlobalSection(SolutionConfigurationPlatforms) = preSolution
		Debug|Any CPU = Debug|Any CPU
		Release|Any CPU = Release|Any CPU
	EndGlobalSection
	GlobalSection(ProjectConfigurationPlatforms) = postSolution
		{DAF4D704-2C86-4657-9210-DB5B847BA8BE}.Debug|Any CPU.ActiveCfg = Debug|Any CPU
		{DAF4D704-2C86-4657-9210-DB5B847BA8BE}.Debug|Any CPU.Build.0 = Debug|Any CPU
		{DAF4D704-2C86-4657-9210-DB5B847BA8BE}.Release|Any CPU.ActiveCfg = Release|Any CPU
		{DAF4D704-2C86-4657-9210-DB5B847BA8BE}.Release|Any CPU.Build.0 = Release|Any CPU
		{8140F431-01D0-4E41-93AB-BC042D0EA120}.Debug|Any CPU.ActiveCfg = Debug|Any CPU
		{8140F431-01D0-4E41-93AB-BC042D0EA120}.Debug|Any CPU.Build.0 = Debug|Any CPU
		{8140F431-01D0-4E41-93AB-BC042D0EA120}.Release|Any CPU.ActiveCfg = Release|Any CPU
		{8140F431-01D0-4E41-93AB-BC042D0EA120}.Release|Any CPU.Build.0 = Release|Any CPU
	EndGlobalSection
	GlobalSection(SolutionProperties) = preSolution
		HideSolutionNode = FALSE
	EndGlobalSection
EndGlobal
