
Microsoft Visual Studio Solution File, Format Version 12.00
# Visual Studio Version 16
VisualStudioVersion = 16.0.31911.196
MinimumVisualStudioVersion = 10.0.40219.1
Project("{9A19103F-16F7-4668-BE54-9A1E7A4F7556}") = "OpenCV.Net", "OpenCV.Net\OpenCV.Net.csproj", "{DAF4D704-2C86-4657-9210-DB5B847BA8BE}"
EndProject
Project("{9A19103F-16F7-4668-BE54-9A1E7A4F7556}") = "OpenCV.Net.UnitTests", "OpenCV.Net.UnitTests\OpenCV.Net.UnitTests.csproj", "{8140F431-01D0-4E41-93AB-BC042D0EA120}"
EndProject
Project("{2150E333-8FDC-42A3-9474-1A3956D46DE8}") = "Solution Items", "Solution Items", "{E846CBB8-E578-46ED-BF6E-21823A12219B}"
	ProjectSection(SolutionItems) = preProject
		Directory.Build.props = Directory.Build.props
	EndProjectSection
EndProject
Global
	GlobalSection(SolutionConfigurationPlatforms) = preSolution
		Debug|Any CPU = Debug|Any CPU
		Release|Any CPU = Release|Any CPU
	EndGlobalSection
	GlobalSection(ProjectConfigurationPlatforms) = postSolution
		{DAF4D704-2C86-4657-9210-DB5B847BA8BE}.Debug|Any CPU.ActiveCfg = Debug|Any CPU
		{DAF4D704-2C86-4657-9210-DB5B847BA8BE}.Debug|Any CPU.Build.0 = Debug|Any CPU
		{DAF4D704-2C86-4657-9210-DB5B847BA8BE}.Release|Any CPU.ActiveCfg = Release|Any CPU
		{DAF4D704-2C86-4657-9210-DB5B847BA8BE}.Release|Any CPU.Build.0 = Release|Any CPU
		{8140F431-01D0-4E41-93AB-BC042D0EA120}.Debug|Any CPU.ActiveCfg = Debug|Any CPU
		{8140F431-01D0-4E41-93AB-BC042D0EA120}.Debug|Any CPU.Build.0 = Debug|Any CPU
		{8140F431-01D0-4E41-93AB-BC042D0EA120}.Release|Any CPU.ActiveCfg = Release|Any CPU
		{8140F431-01D0-4E41-93AB-BC042D0EA120}.Release|Any CPU.Build.0 = Release|Any CPU
	EndGlobalSection
	GlobalSection(SolutionProperties) = preSolution
		HideSolutionNode = FALSE
	EndGlobalSection
	GlobalSection(ExtensibilityGlobals) = postSolution
		SolutionGuid = {6CAAB1BB-A221-437D-9C83-0A032A2F0916}
	EndGlobalSection
EndGlobal
